
Microsoft Visual Studio Solution File, Format Version 12.00
# Visual Studio 15
Project("{FAE04EC0-301F-11D3-BF4B-00C04F79EFBC}") = "UnityEngine.UI", "UnityEngine.UI.csproj", "{5B9443F9-C14E-E1C3-359A-0816C11F8271}"
EndProject
Project("{FAE04EC0-301F-11D3-BF4B-00C04F79EFBC}") = "Assembly-CSharp", "Assembly-CSharp.csproj", "{DBBB758F-B0B9-9CEC-ACFF-97A1F5ADE5DB}"
EndProject
Project("{FAE04EC0-301F-11D3-BF4B-00C04F79EFBC}") = "UnityEngine.TestRunner", "UnityEngine.TestRunner.csproj", "{1636C91C-498B-16EC-9568-89878FF7CA39}"
EndProject
Project("{FAE04EC0-301F-11D3-BF4B-00C04F79EFBC}") = "UniGLTF", "UniGLTF.csproj", "{2AD93BDD-7BBF-75D9-BB5F-82ED79CAD1AB}"
EndProject
Project("{FAE04EC0-301F-11D3-BF4B-00C04F79EFBC}") = "Unity.XR.ARFoundation", "Unity.XR.ARFoundation.csproj", "{A204ADEE-746A-67A2-F6B6-565B62249ECB}"
EndProject
Project("{FAE04EC0-301F-11D3-BF4B-00C04F79EFBC}") = "Unity.XR.ARKit", "Unity.XR.ARKit.csproj", "{55B086D8-11A3-9B7F-B745-113DDFE4CA9B}"
EndProject
Project("{FAE04EC0-301F-11D3-BF4B-00C04F79EFBC}") = "Unity.XR.ARSubsystems", "Unity.XR.ARSubsystems.csproj", "{D21C8DDB-CE1F-A14C-FEBF-9D5225ECAA40}"
EndProject
Project("{FAE04EC0-301F-11D3-BF4B-00C04F79EFBC}") = "Unity.XR.ARCore", "Unity.XR.ARCore.csproj", "{AAE77A8C-673A-7DA6-DA13-22D539957A78}"
EndProject
Project("{FAE04EC0-301F-11D3-BF4B-00C04F79EFBC}") = "UniHumanoid", "UniHumanoid.csproj", "{4806C9F4-8D94-8EE0-9053-DCD9F971F2F4}"
EndProject
Project("{FAE04EC0-301F-11D3-BF4B-00C04F79EFBC}") = "UnityEngine.XR.LegacyInputHelpers", "UnityEngine.XR.LegacyInputHelpers.csproj", "{BE55E436-0880-DF17-D85C-B214B8D153F6}"
EndProject
Project("{FAE04EC0-301F-11D3-BF4B-00C04F79EFBC}") = "Unity.TextMeshPro", "Unity.TextMeshPro.csproj", "{E364541B-B2D9-1685-E657-44DF951FCD43}"
EndProject
Project("{FAE04EC0-301F-11D3-BF4B-00C04F79EFBC}") = "Assembly-CSharp-firstpass", "Assembly-CSharp-firstpass.csproj", "{104876A2-6EB9-2257-74CE-5DF42F06D570}"
EndProject
Project("{FAE04EC0-301F-11D3-BF4B-00C04F79EFBC}") = "Unity.Timeline", "Unity.Timeline.csproj", "{EE66F3C7-1C11-DF67-62B4-9059F64A4CBA}"
EndProject
Project("{FAE04EC0-301F-11D3-BF4B-00C04F79EFBC}") = "NativeShare.Runtime", "NativeShare.Runtime.csproj", "{4365D2EB-3E9E-6207-B94F-56086631F219}"
EndProject
Project("{FAE04EC0-301F-11D3-BF4B-00C04F79EFBC}") = "MeshUtility", "MeshUtility.csproj", "{7624A729-5B4C-3025-B2AD-E6F0354D446A}"
EndProject
Project("{FAE04EC0-301F-11D3-BF4B-00C04F79EFBC}") = "VRM", "VRM.csproj", "{5D9F3663-472A-90E6-525E-56D3997A32BA}"
EndProject
Project("{FAE04EC0-301F-11D3-BF4B-00C04F79EFBC}") = "NativeGallery.Runtime", "NativeGallery.Runtime.csproj", "{D9E22EBF-4755-7CC5-8DBE-0F85E88308F4}"
EndProject
Project("{FAE04EC0-301F-11D3-BF4B-00C04F79EFBC}") = "ShaderProperty.Runtime", "ShaderProperty.Runtime.csproj", "{3BC08FF5-496F-D455-8470-3DF6E4EF7C55}"
EndProject
Project("{FAE04EC0-301F-11D3-BF4B-00C04F79EFBC}") = "MToon", "MToon.csproj", "{8402E103-68C8-54D1-A82C-CD3B11B6F0A1}"
EndProject
Project("{FAE04EC0-301F-11D3-BF4B-00C04F79EFBC}") = "Unity.XR.Management", "Unity.XR.Management.csproj", "{F3E30A78-747A-7F40-E9A9-2840EA26D402}"
EndProject
Project("{FAE04EC0-301F-11D3-BF4B-00C04F79EFBC}") = "Unity.XR.InteractionSubsystems", "Unity.XR.InteractionSubsystems.csproj", "{75001A84-24E0-42C8-30F9-A7A34E30FD3B}"
EndProject
Project("{FAE04EC0-301F-11D3-BF4B-00C04F79EFBC}") = "UnityEngine.SpatialTracking", "UnityEngine.SpatialTracking.csproj", "{47D752AB-BCC4-9CCC-990D-9D63F7F1B011}"
EndProject
Project("{FAE04EC0-301F-11D3-BF4B-00C04F79EFBC}") = "JfranMora.Inspector.Button", "JfranMora.Inspector.Button.csproj", "{8BB74E12-ECC9-53C3-BD3D-52E03E91F4F5}"
EndProject
Project("{FAE04EC0-301F-11D3-BF4B-00C04F79EFBC}") = "UniUnlit", "UniUnlit.csproj", "{4CE9EB8F-44B4-4326-F2D5-E860708EB61E}"
EndProject
Project("{FAE04EC0-301F-11D3-BF4B-00C04F79EFBC}") = "Unity.Subsystem.Registration", "Unity.Subsystem.Registration.csproj", "{6A2124E2-CA20-C102-598C-8E6087887EF1}"
EndProject
Project("{FAE04EC0-301F-11D3-BF4B-00C04F79EFBC}") = "Scriptable", "Scriptable.csproj", "{2E03641B-CF54-87A3-DBEB-038BE9B1F9CE}"
EndProject
Project("{FAE04EC0-301F-11D3-BF4B-00C04F79EFBC}") = "Assembly-CSharp-Editor", "Assembly-CSharp-Editor.csproj", "{9F8F90F9-CCA7-B73D-CFDC-EE72C96C1E75}"
EndProject
Project("{FAE04EC0-301F-11D3-BF4B-00C04F79EFBC}") = "Unity.PlasticSCM.Editor", "Unity.PlasticSCM.Editor.csproj", "{05C2D825-1B34-4058-06FC-21C7CFF3A073}"
EndProject
Project("{FAE04EC0-301F-11D3-BF4B-00C04F79EFBC}") = "Unity.VisualStudio.Editor", "Unity.VisualStudio.Editor.csproj", "{52A3F024-DC4C-6938-5B16-32771401A172}"
EndProject
Project("{FAE04EC0-301F-11D3-BF4B-00C04F79EFBC}") = "Unity.Timeline.Editor", "Unity.Timeline.Editor.csproj", "{A56852C1-25C5-C070-5542-4CA64F2B2043}"
EndProject
Project("{FAE04EC0-301F-11D3-BF4B-00C04F79EFBC}") = "Unity.TextMeshPro.Editor", "Unity.TextMeshPro.Editor.csproj", "{9B701EBB-B36B-D2D2-9DD1-971FE4EE7102}"
EndProject
Project("{FAE04EC0-301F-11D3-BF4B-00C04F79EFBC}") = "UniGLTF.Tests", "UniGLTF.Tests.csproj", "{7A7F41EC-1547-77CC-64BA-93FD3928E82C}"
EndProject
Project("{FAE04EC0-301F-11D3-BF4B-00C04F79EFBC}") = "Unity.CollabProxy.Editor", "Unity.CollabProxy.Editor.csproj", "{C601D8C5-C3FB-E684-A0BC-6019A5ACE63C}"
EndProject
Project("{FAE04EC0-301F-11D3-BF4B-00C04F79EFBC}") = "UnityEditor.TestRunner", "UnityEditor.TestRunner.csproj", "{D08657E0-409E-AB1C-61FA-3246893A309C}"
EndProject
Project("{FAE04EC0-301F-11D3-BF4B-00C04F79EFBC}") = "Unity.Rider.Editor", "Unity.Rider.Editor.csproj", "{CD0597D9-409C-5397-7232-0CCD891DA755}"
EndProject
Project("{FAE04EC0-301F-11D3-BF4B-00C04F79EFBC}") = "UniVRM.Editor", "UniVRM.Editor.csproj", "{EECE4221-EA28-06AE-4C8A-1E548DCD9DAE}"
EndProject
Project("{FAE04EC0-301F-11D3-BF4B-00C04F79EFBC}") = "UniUnlit.Editor", "UniUnlit.Editor.csproj", "{5246EB94-1C53-C67A-9CFD-E7F9E263BA5F}"
EndProject
Project("{FAE04EC0-301F-11D3-BF4B-00C04F79EFBC}") = "UniGLTF.Editor", "UniGLTF.Editor.csproj", "{B9B4762F-A380-E617-3DF5-BAE1BD40D7B2}"
EndProject
Project("{FAE04EC0-301F-11D3-BF4B-00C04F79EFBC}") = "Unity.Services.Core.Editor", "Unity.Services.Core.Editor.csproj", "{75CC8278-177D-ED9C-7B43-824ACE6528A7}"
EndProject
Project("{FAE04EC0-301F-11D3-BF4B-00C04F79EFBC}") = "UniHumanoid.Editor", "UniHumanoid.Editor.csproj", "{53A2B52A-714F-3AD4-E3F1-33C01AFAE96D}"
EndProject
Project("{FAE04EC0-301F-11D3-BF4B-00C04F79EFBC}") = "Unity.XR.ARKit.Editor", "Unity.XR.ARKit.Editor.csproj", "{91A97A46-8FC7-FBB8-CA97-D6EA64C68C8C}"
EndProject
Project("{FAE04EC0-301F-11D3-BF4B-00C04F79EFBC}") = "VRM.Tests", "VRM.Tests.csproj", "{BACEF46A-6B53-6FD3-A1F0-5D28C5F057D0}"
EndProject
Project("{FAE04EC0-301F-11D3-BF4B-00C04F79EFBC}") = "Unity.XR.Management.Editor", "Unity.XR.Management.Editor.csproj", "{B0EAF306-B959-428B-1248-B751EA292041}"
EndProject
Project("{FAE04EC0-301F-11D3-BF4B-00C04F79EFBC}") = "Unity.VSCode.Editor", "Unity.VSCode.Editor.csproj", "{C8F789A0-A5B1-AF9D-6FBC-3F94A820CBF5}"
EndProject
Project("{FAE04EC0-301F-11D3-BF4B-00C04F79EFBC}") = "MeshUtility.Editor", "MeshUtility.Editor.csproj", "{C3608042-941A-51F3-D08D-0C4748F95B2E}"
EndProject
Project("{FAE04EC0-301F-11D3-BF4B-00C04F79EFBC}") = "Unity.2D.Sprite.Editor", "Unity.2D.Sprite.Editor.csproj", "{16D8B5A7-F656-5D83-63B3-6FA11009C5EB}"
EndProject
Project("{FAE04EC0-301F-11D3-BF4B-00C04F79EFBC}") = "UnityEditor.UI", "UnityEditor.UI.csproj", "{5E9F1C9B-3877-C064-92DC-EDA0672BCC78}"
EndProject
Project("{FAE04EC0-301F-11D3-BF4B-00C04F79EFBC}") = "Unity.EditorCoroutines.Editor", "Unity.EditorCoroutines.Editor.csproj", "{E390560E-302B-498A-015F-B948693B9749}"
EndProject
Project("{FAE04EC0-301F-11D3-BF4B-00C04F79EFBC}") = "UnityEditor.SpatialTracking", "UnityEditor.SpatialTracking.csproj", "{D6F933FB-DE18-9FFC-482D-B851F75A5B57}"
EndProject
Project("{FAE04EC0-301F-11D3-BF4B-00C04F79EFBC}") = "Unity.XR.ARCore.Editor", "Unity.XR.ARCore.Editor.csproj", "{F3CBD21A-8BDB-2A37-24E5-C624C1309091}"
EndProject
Project("{FAE04EC0-301F-11D3-BF4B-00C04F79EFBC}") = "Unity.XR.ARFoundation.Editor", "Unity.XR.ARFoundation.Editor.csproj", "{1206786C-063C-745C-A763-7307B7B46F7B}"
EndProject
Project("{FAE04EC0-301F-11D3-BF4B-00C04F79EFBC}") = "SATEditor", "SATEditor.csproj", "{30D295D0-3976-7C6F-429E-76F4973F665A}"
EndProject
Project("{FAE04EC0-301F-11D3-BF4B-00C04F79EFBC}") = "UnityEditor.XR.LegacyInputHelpers", "UnityEditor.XR.LegacyInputHelpers.csproj", "{32463CA3-9FE8-4004-6E91-F454B38FC7F6}"
EndProject
Project("{FAE04EC0-301F-11D3-BF4B-00C04F79EFBC}") = "MToon.Editor", "MToon.Editor.csproj", "{23189C36-CA3F-8290-F533-2F4D6B577E62}"
EndProject
Project("{FAE04EC0-301F-11D3-BF4B-00C04F79EFBC}") = "Unity.XR.ARSubsystems.Editor", "Unity.XR.ARSubsystems.Editor.csproj", "{E5854B7A-4738-D699-E9A6-5199884BB53E}"
EndProject
Project("{FAE04EC0-301F-11D3-BF4B-00C04F79EFBC}") = "JfranMora.Inspector.Button.Editor", "JfranMora.Inspector.Button.Editor.csproj", "{51B49EFF-4B34-2351-26C1-976151F98E21}"
EndProject
Project("{FAE04EC0-301F-11D3-BF4B-00C04F79EFBC}") = "Unity.InternalAPIEditorBridge.005", "Unity.InternalAPIEditorBridge.005.csproj", "{9EF766CA-568F-10B1-5D02-5AB149119DEE}"
EndProject
Project("{FAE04EC0-301F-11D3-BF4B-00C04F79EFBC}") = "UniHumanoid.Editor.Tests", "UniHumanoid.Editor.Tests.csproj", "{68D3C3E1-DE64-77B8-0197-BB6ECC5625DD}"
EndProject
Project("{FAE04EC0-301F-11D3-BF4B-00C04F79EFBC}") = "NativeGallery.Editor", "NativeGallery.Editor.csproj", "{45BCE76E-95F4-E79B-318D-DE38A68AB4A2}"
EndProject
Project("{FAE04EC0-301F-11D3-BF4B-00C04F79EFBC}") = "NativeShare.Editor", "NativeShare.Editor.csproj", "{AED81CFF-8387-02AF-3061-42413116B743}"
EndProject
Project("{FAE04EC0-301F-11D3-BF4B-00C04F79EFBC}") = "ShaderProperty.Editor", "ShaderProperty.Editor.csproj", "{E43E6CA5-F9CA-B373-29D9-2DBC6762ADCC}"
EndProject
Global
	GlobalSection(SolutionConfigurationPlatforms) = preSolution
		Debug|Any CPU = Debug|Any CPU
		Release|Any CPU = Release|Any CPU
	EndGlobalSection
	GlobalSection(ProjectConfigurationPlatforms) = postSolution
		{5B9443F9-C14E-E1C3-359A-0816C11F8271}.Debug|Any CPU.ActiveCfg = Debug|Any CPU
		{5B9443F9-C14E-E1C3-359A-0816C11F8271}.Debug|Any CPU.Build.0 = Debug|Any CPU
		{5B9443F9-C14E-E1C3-359A-0816C11F8271}.Release|Any CPU.ActiveCfg = Release|Any CPU
		{5B9443F9-C14E-E1C3-359A-0816C11F8271}.Release|Any CPU.Build.0 = Release|Any CPU
		{DBBB758F-B0B9-9CEC-ACFF-97A1F5ADE5DB}.Debug|Any CPU.ActiveCfg = Debug|Any CPU
		{DBBB758F-B0B9-9CEC-ACFF-97A1F5ADE5DB}.Debug|Any CPU.Build.0 = Debug|Any CPU
		{DBBB758F-B0B9-9CEC-ACFF-97A1F5ADE5DB}.Release|Any CPU.ActiveCfg = Release|Any CPU
		{DBBB758F-B0B9-9CEC-ACFF-97A1F5ADE5DB}.Release|Any CPU.Build.0 = Release|Any CPU
		{1636C91C-498B-16EC-9568-89878FF7CA39}.Debug|Any CPU.ActiveCfg = Debug|Any CPU
		{1636C91C-498B-16EC-9568-89878FF7CA39}.Debug|Any CPU.Build.0 = Debug|Any CPU
		{1636C91C-498B-16EC-9568-89878FF7CA39}.Release|Any CPU.ActiveCfg = Release|Any CPU
		{1636C91C-498B-16EC-9568-89878FF7CA39}.Release|Any CPU.Build.0 = Release|Any CPU
		{2AD93BDD-7BBF-75D9-BB5F-82ED79CAD1AB}.Debug|Any CPU.ActiveCfg = Debug|Any CPU
		{2AD93BDD-7BBF-75D9-BB5F-82ED79CAD1AB}.Debug|Any CPU.Build.0 = Debug|Any CPU
		{2AD93BDD-7BBF-75D9-BB5F-82ED79CAD1AB}.Release|Any CPU.ActiveCfg = Release|Any CPU
		{2AD93BDD-7BBF-75D9-BB5F-82ED79CAD1AB}.Release|Any CPU.Build.0 = Release|Any CPU
		{A204ADEE-746A-67A2-F6B6-565B62249ECB}.Debug|Any CPU.ActiveCfg = Debug|Any CPU
		{A204ADEE-746A-67A2-F6B6-565B62249ECB}.Debug|Any CPU.Build.0 = Debug|Any CPU
		{A204ADEE-746A-67A2-F6B6-565B62249ECB}.Release|Any CPU.ActiveCfg = Release|Any CPU
		{A204ADEE-746A-67A2-F6B6-565B62249ECB}.Release|Any CPU.Build.0 = Release|Any CPU
		{55B086D8-11A3-9B7F-B745-113DDFE4CA9B}.Debug|Any CPU.ActiveCfg = Debug|Any CPU
		{55B086D8-11A3-9B7F-B745-113DDFE4CA9B}.Debug|Any CPU.Build.0 = Debug|Any CPU
		{55B086D8-11A3-9B7F-B745-113DDFE4CA9B}.Release|Any CPU.ActiveCfg = Release|Any CPU
		{55B086D8-11A3-9B7F-B745-113DDFE4CA9B}.Release|Any CPU.Build.0 = Release|Any CPU
		{D21C8DDB-CE1F-A14C-FEBF-9D5225ECAA40}.Debug|Any CPU.ActiveCfg = Debug|Any CPU
		{D21C8DDB-CE1F-A14C-FEBF-9D5225ECAA40}.Debug|Any CPU.Build.0 = Debug|Any CPU
		{D21C8DDB-CE1F-A14C-FEBF-9D5225ECAA40}.Release|Any CPU.ActiveCfg = Release|Any CPU
		{D21C8DDB-CE1F-A14C-FEBF-9D5225ECAA40}.Release|Any CPU.Build.0 = Release|Any CPU
		{AAE77A8C-673A-7DA6-DA13-22D539957A78}.Debug|Any CPU.ActiveCfg = Debug|Any CPU
		{AAE77A8C-673A-7DA6-DA13-22D539957A78}.Debug|Any CPU.Build.0 = Debug|Any CPU
		{AAE77A8C-673A-7DA6-DA13-22D539957A78}.Release|Any CPU.ActiveCfg = Release|Any CPU
		{AAE77A8C-673A-7DA6-DA13-22D539957A78}.Release|Any CPU.Build.0 = Release|Any CPU
		{4806C9F4-8D94-8EE0-9053-DCD9F971F2F4}.Debug|Any CPU.ActiveCfg = Debug|Any CPU
		{4806C9F4-8D94-8EE0-9053-DCD9F971F2F4}.Debug|Any CPU.Build.0 = Debug|Any CPU
		{4806C9F4-8D94-8EE0-9053-DCD9F971F2F4}.Release|Any CPU.ActiveCfg = Release|Any CPU
		{4806C9F4-8D94-8EE0-9053-DCD9F971F2F4}.Release|Any CPU.Build.0 = Release|Any CPU
		{BE55E436-0880-DF17-D85C-B214B8D153F6}.Debug|Any CPU.ActiveCfg = Debug|Any CPU
		{BE55E436-0880-DF17-D85C-B214B8D153F6}.Debug|Any CPU.Build.0 = Debug|Any CPU
		{BE55E436-0880-DF17-D85C-B214B8D153F6}.Release|Any CPU.ActiveCfg = Release|Any CPU
		{BE55E436-0880-DF17-D85C-B214B8D153F6}.Release|Any CPU.Build.0 = Release|Any CPU
		{E364541B-B2D9-1685-E657-44DF951FCD43}.Debug|Any CPU.ActiveCfg = Debug|Any CPU
		{E364541B-B2D9-1685-E657-44DF951FCD43}.Debug|Any CPU.Build.0 = Debug|Any CPU
		{E364541B-B2D9-1685-E657-44DF951FCD43}.Release|Any CPU.ActiveCfg = Release|Any CPU
		{E364541B-B2D9-1685-E657-44DF951FCD43}.Release|Any CPU.Build.0 = Release|Any CPU
		{104876A2-6EB9-2257-74CE-5DF42F06D570}.Debug|Any CPU.ActiveCfg = Debug|Any CPU
		{104876A2-6EB9-2257-74CE-5DF42F06D570}.Debug|Any CPU.Build.0 = Debug|Any CPU
		{104876A2-6EB9-2257-74CE-5DF42F06D570}.Release|Any CPU.ActiveCfg = Release|Any CPU
		{104876A2-6EB9-2257-74CE-5DF42F06D570}.Release|Any CPU.Build.0 = Release|Any CPU
		{EE66F3C7-1C11-DF67-62B4-9059F64A4CBA}.Debug|Any CPU.ActiveCfg = Debug|Any CPU
		{EE66F3C7-1C11-DF67-62B4-9059F64A4CBA}.Debug|Any CPU.Build.0 = Debug|Any CPU
		{EE66F3C7-1C11-DF67-62B4-9059F64A4CBA}.Release|Any CPU.ActiveCfg = Release|Any CPU
		{EE66F3C7-1C11-DF67-62B4-9059F64A4CBA}.Release|Any CPU.Build.0 = Release|Any CPU
		{4365D2EB-3E9E-6207-B94F-56086631F219}.Debug|Any CPU.ActiveCfg = Debug|Any CPU
		{4365D2EB-3E9E-6207-B94F-56086631F219}.Debug|Any CPU.Build.0 = Debug|Any CPU
		{4365D2EB-3E9E-6207-B94F-56086631F219}.Release|Any CPU.ActiveCfg = Release|Any CPU
		{4365D2EB-3E9E-6207-B94F-56086631F219}.Release|Any CPU.Build.0 = Release|Any CPU
		{7624A729-5B4C-3025-B2AD-E6F0354D446A}.Debug|Any CPU.ActiveCfg = Debug|Any CPU
		{7624A729-5B4C-3025-B2AD-E6F0354D446A}.Debug|Any CPU.Build.0 = Debug|Any CPU
		{7624A729-5B4C-3025-B2AD-E6F0354D446A}.Release|Any CPU.ActiveCfg = Release|Any CPU
		{7624A729-5B4C-3025-B2AD-E6F0354D446A}.Release|Any CPU.Build.0 = Release|Any CPU
		{5D9F3663-472A-90E6-525E-56D3997A32BA}.Debug|Any CPU.ActiveCfg = Debug|Any CPU
		{5D9F3663-472A-90E6-525E-56D3997A32BA}.Debug|Any CPU.Build.0 = Debug|Any CPU
		{5D9F3663-472A-90E6-525E-56D3997A32BA}.Release|Any CPU.ActiveCfg = Release|Any CPU
		{5D9F3663-472A-90E6-525E-56D3997A32BA}.Release|Any CPU.Build.0 = Release|Any CPU
		{D9E22EBF-4755-7CC5-8DBE-0F85E88308F4}.Debug|Any CPU.ActiveCfg = Debug|Any CPU
		{D9E22EBF-4755-7CC5-8DBE-0F85E88308F4}.Debug|Any CPU.Build.0 = Debug|Any CPU
		{D9E22EBF-4755-7CC5-8DBE-0F85E88308F4}.Release|Any CPU.ActiveCfg = Release|Any CPU
		{D9E22EBF-4755-7CC5-8DBE-0F85E88308F4}.Release|Any CPU.Build.0 = Release|Any CPU
		{3BC08FF5-496F-D455-8470-3DF6E4EF7C55}.Debug|Any CPU.ActiveCfg = Debug|Any CPU
		{3BC08FF5-496F-D455-8470-3DF6E4EF7C55}.Debug|Any CPU.Build.0 = Debug|Any CPU
		{3BC08FF5-496F-D455-8470-3DF6E4EF7C55}.Release|Any CPU.ActiveCfg = Release|Any CPU
		{3BC08FF5-496F-D455-8470-3DF6E4EF7C55}.Release|Any CPU.Build.0 = Release|Any CPU
		{8402E103-68C8-54D1-A82C-CD3B11B6F0A1}.Debug|Any CPU.ActiveCfg = Debug|Any CPU
		{8402E103-68C8-54D1-A82C-CD3B11B6F0A1}.Debug|Any CPU.Build.0 = Debug|Any CPU
		{8402E103-68C8-54D1-A82C-CD3B11B6F0A1}.Release|Any CPU.ActiveCfg = Release|Any CPU
		{8402E103-68C8-54D1-A82C-CD3B11B6F0A1}.Release|Any CPU.Build.0 = Release|Any CPU
		{F3E30A78-747A-7F40-E9A9-2840EA26D402}.Debug|Any CPU.ActiveCfg = Debug|Any CPU
		{F3E30A78-747A-7F40-E9A9-2840EA26D402}.Debug|Any CPU.Build.0 = Debug|Any CPU
		{F3E30A78-747A-7F40-E9A9-2840EA26D402}.Release|Any CPU.ActiveCfg = Release|Any CPU
		{F3E30A78-747A-7F40-E9A9-2840EA26D402}.Release|Any CPU.Build.0 = Release|Any CPU
		{75001A84-24E0-42C8-30F9-A7A34E30FD3B}.Debug|Any CPU.ActiveCfg = Debug|Any CPU
		{75001A84-24E0-42C8-30F9-A7A34E30FD3B}.Debug|Any CPU.Build.0 = Debug|Any CPU
		{75001A84-24E0-42C8-30F9-A7A34E30FD3B}.Release|Any CPU.ActiveCfg = Release|Any CPU
		{75001A84-24E0-42C8-30F9-A7A34E30FD3B}.Release|Any CPU.Build.0 = Release|Any CPU
		{47D752AB-BCC4-9CCC-990D-9D63F7F1B011}.Debug|Any CPU.ActiveCfg = Debug|Any CPU
		{47D752AB-BCC4-9CCC-990D-9D63F7F1B011}.Debug|Any CPU.Build.0 = Debug|Any CPU
		{47D752AB-BCC4-9CCC-990D-9D63F7F1B011}.Release|Any CPU.ActiveCfg = Release|Any CPU
		{47D752AB-BCC4-9CCC-990D-9D63F7F1B011}.Release|Any CPU.Build.0 = Release|Any CPU
		{8BB74E12-ECC9-53C3-BD3D-52E03E91F4F5}.Debug|Any CPU.ActiveCfg = Debug|Any CPU
		{8BB74E12-ECC9-53C3-BD3D-52E03E91F4F5}.Debug|Any CPU.Build.0 = Debug|Any CPU
		{8BB74E12-ECC9-53C3-BD3D-52E03E91F4F5}.Release|Any CPU.ActiveCfg = Release|Any CPU
		{8BB74E12-ECC9-53C3-BD3D-52E03E91F4F5}.Release|Any CPU.Build.0 = Release|Any CPU
		{4CE9EB8F-44B4-4326-F2D5-E860708EB61E}.Debug|Any CPU.ActiveCfg = Debug|Any CPU
		{4CE9EB8F-44B4-4326-F2D5-E860708EB61E}.Debug|Any CPU.Build.0 = Debug|Any CPU
		{4CE9EB8F-44B4-4326-F2D5-E860708EB61E}.Release|Any CPU.ActiveCfg = Release|Any CPU
		{4CE9EB8F-44B4-4326-F2D5-E860708EB61E}.Release|Any CPU.Build.0 = Release|Any CPU
		{6A2124E2-CA20-C102-598C-8E6087887EF1}.Debug|Any CPU.ActiveCfg = Debug|Any CPU
		{6A2124E2-CA20-C102-598C-8E6087887EF1}.Debug|Any CPU.Build.0 = Debug|Any CPU
		{6A2124E2-CA20-C102-598C-8E6087887EF1}.Release|Any CPU.ActiveCfg = Release|Any CPU
		{6A2124E2-CA20-C102-598C-8E6087887EF1}.Release|Any CPU.Build.0 = Release|Any CPU
		{2E03641B-CF54-87A3-DBEB-038BE9B1F9CE}.Debug|Any CPU.ActiveCfg = Debug|Any CPU
		{2E03641B-CF54-87A3-DBEB-038BE9B1F9CE}.Debug|Any CPU.Build.0 = Debug|Any CPU
		{2E03641B-CF54-87A3-DBEB-038BE9B1F9CE}.Release|Any CPU.ActiveCfg = Release|Any CPU
		{2E03641B-CF54-87A3-DBEB-038BE9B1F9CE}.Release|Any CPU.Build.0 = Release|Any CPU
		{9F8F90F9-CCA7-B73D-CFDC-EE72C96C1E75}.Debug|Any CPU.ActiveCfg = Debug|Any CPU
		{9F8F90F9-CCA7-B73D-CFDC-EE72C96C1E75}.Debug|Any CPU.Build.0 = Debug|Any CPU
		{9F8F90F9-CCA7-B73D-CFDC-EE72C96C1E75}.Release|Any CPU.ActiveCfg = Release|Any CPU
		{9F8F90F9-CCA7-B73D-CFDC-EE72C96C1E75}.Release|Any CPU.Build.0 = Release|Any CPU
		{05C2D825-1B34-4058-06FC-21C7CFF3A073}.Debug|Any CPU.ActiveCfg = Debug|Any CPU
		{05C2D825-1B34-4058-06FC-21C7CFF3A073}.Debug|Any CPU.Build.0 = Debug|Any CPU
		{05C2D825-1B34-4058-06FC-21C7CFF3A073}.Release|Any CPU.ActiveCfg = Release|Any CPU
		{05C2D825-1B34-4058-06FC-21C7CFF3A073}.Release|Any CPU.Build.0 = Release|Any CPU
		{52A3F024-DC4C-6938-5B16-32771401A172}.Debug|Any CPU.ActiveCfg = Debug|Any CPU
		{52A3F024-DC4C-6938-5B16-32771401A172}.Debug|Any CPU.Build.0 = Debug|Any CPU
		{52A3F024-DC4C-6938-5B16-32771401A172}.Release|Any CPU.ActiveCfg = Release|Any CPU
		{52A3F024-DC4C-6938-5B16-32771401A172}.Release|Any CPU.Build.0 = Release|Any CPU
		{A56852C1-25C5-C070-5542-4CA64F2B2043}.Debug|Any CPU.ActiveCfg = Debug|Any CPU
		{A56852C1-25C5-C070-5542-4CA64F2B2043}.Debug|Any CPU.Build.0 = Debug|Any CPU
		{A56852C1-25C5-C070-5542-4CA64F2B2043}.Release|Any CPU.ActiveCfg = Release|Any CPU
		{A56852C1-25C5-C070-5542-4CA64F2B2043}.Release|Any CPU.Build.0 = Release|Any CPU
		{9B701EBB-B36B-D2D2-9DD1-971FE4EE7102}.Debug|Any CPU.ActiveCfg = Debug|Any CPU
		{9B701EBB-B36B-D2D2-9DD1-971FE4EE7102}.Debug|Any CPU.Build.0 = Debug|Any CPU
		{9B701EBB-B36B-D2D2-9DD1-971FE4EE7102}.Release|Any CPU.ActiveCfg = Release|Any CPU
		{9B701EBB-B36B-D2D2-9DD1-971FE4EE7102}.Release|Any CPU.Build.0 = Release|Any CPU
		{7A7F41EC-1547-77CC-64BA-93FD3928E82C}.Debug|Any CPU.ActiveCfg = Debug|Any CPU
		{7A7F41EC-1547-77CC-64BA-93FD3928E82C}.Debug|Any CPU.Build.0 = Debug|Any CPU
		{7A7F41EC-1547-77CC-64BA-93FD3928E82C}.Release|Any CPU.ActiveCfg = Release|Any CPU
		{7A7F41EC-1547-77CC-64BA-93FD3928E82C}.Release|Any CPU.Build.0 = Release|Any CPU
		{C601D8C5-C3FB-E684-A0BC-6019A5ACE63C}.Debug|Any CPU.ActiveCfg = Debug|Any CPU
		{C601D8C5-C3FB-E684-A0BC-6019A5ACE63C}.Debug|Any CPU.Build.0 = Debug|Any CPU
		{C601D8C5-C3FB-E684-A0BC-6019A5ACE63C}.Release|Any CPU.ActiveCfg = Release|Any CPU
		{C601D8C5-C3FB-E684-A0BC-6019A5ACE63C}.Release|Any CPU.Build.0 = Release|Any CPU
		{D08657E0-409E-AB1C-61FA-3246893A309C}.Debug|Any CPU.ActiveCfg = Debug|Any CPU
		{D08657E0-409E-AB1C-61FA-3246893A309C}.Debug|Any CPU.Build.0 = Debug|Any CPU
		{D08657E0-409E-AB1C-61FA-3246893A309C}.Release|Any CPU.ActiveCfg = Release|Any CPU
		{D08657E0-409E-AB1C-61FA-3246893A309C}.Release|Any CPU.Build.0 = Release|Any CPU
		{CD0597D9-409C-5397-7232-0CCD891DA755}.Debug|Any CPU.ActiveCfg = Debug|Any CPU
		{CD0597D9-409C-5397-7232-0CCD891DA755}.Debug|Any CPU.Build.0 = Debug|Any CPU
		{CD0597D9-409C-5397-7232-0CCD891DA755}.Release|Any CPU.ActiveCfg = Release|Any CPU
		{CD0597D9-409C-5397-7232-0CCD891DA755}.Release|Any CPU.Build.0 = Release|Any CPU
		{EECE4221-EA28-06AE-4C8A-1E548DCD9DAE}.Debug|Any CPU.ActiveCfg = Debug|Any CPU
		{EECE4221-EA28-06AE-4C8A-1E548DCD9DAE}.Debug|Any CPU.Build.0 = Debug|Any CPU
		{EECE4221-EA28-06AE-4C8A-1E548DCD9DAE}.Release|Any CPU.ActiveCfg = Release|Any CPU
		{EECE4221-EA28-06AE-4C8A-1E548DCD9DAE}.Release|Any CPU.Build.0 = Release|Any CPU
		{5246EB94-1C53-C67A-9CFD-E7F9E263BA5F}.Debug|Any CPU.ActiveCfg = Debug|Any CPU
		{5246EB94-1C53-C67A-9CFD-E7F9E263BA5F}.Debug|Any CPU.Build.0 = Debug|Any CPU
		{5246EB94-1C53-C67A-9CFD-E7F9E263BA5F}.Release|Any CPU.ActiveCfg = Release|Any CPU
		{5246EB94-1C53-C67A-9CFD-E7F9E263BA5F}.Release|Any CPU.Build.0 = Release|Any CPU
		{B9B4762F-A380-E617-3DF5-BAE1BD40D7B2}.Debug|Any CPU.ActiveCfg = Debug|Any CPU
		{B9B4762F-A380-E617-3DF5-BAE1BD40D7B2}.Debug|Any CPU.Build.0 = Debug|Any CPU
		{B9B4762F-A380-E617-3DF5-BAE1BD40D7B2}.Release|Any CPU.ActiveCfg = Release|Any CPU
		{B9B4762F-A380-E617-3DF5-BAE1BD40D7B2}.Release|Any CPU.Build.0 = Release|Any CPU
		{75CC8278-177D-ED9C-7B43-824ACE6528A7}.Debug|Any CPU.ActiveCfg = Debug|Any CPU
		{75CC8278-177D-ED9C-7B43-824ACE6528A7}.Debug|Any CPU.Build.0 = Debug|Any CPU
		{75CC8278-177D-ED9C-7B43-824ACE6528A7}.Release|Any CPU.ActiveCfg = Release|Any CPU
		{75CC8278-177D-ED9C-7B43-824ACE6528A7}.Release|Any CPU.Build.0 = Release|Any CPU
		{53A2B52A-714F-3AD4-E3F1-33C01AFAE96D}.Debug|Any CPU.ActiveCfg = Debug|Any CPU
		{53A2B52A-714F-3AD4-E3F1-33C01AFAE96D}.Debug|Any CPU.Build.0 = Debug|Any CPU
		{53A2B52A-714F-3AD4-E3F1-33C01AFAE96D}.Release|Any CPU.ActiveCfg = Release|Any CPU
		{53A2B52A-714F-3AD4-E3F1-33C01AFAE96D}.Release|Any CPU.Build.0 = Release|Any CPU
		{91A97A46-8FC7-FBB8-CA97-D6EA64C68C8C}.Debug|Any CPU.ActiveCfg = Debug|Any CPU
		{91A97A46-8FC7-FBB8-CA97-D6EA64C68C8C}.Debug|Any CPU.Build.0 = Debug|Any CPU
		{91A97A46-8FC7-FBB8-CA97-D6EA64C68C8C}.Release|Any CPU.ActiveCfg = Release|Any CPU
		{91A97A46-8FC7-FBB8-CA97-D6EA64C68C8C}.Release|Any CPU.Build.0 = Release|Any CPU
		{BACEF46A-6B53-6FD3-A1F0-5D28C5F057D0}.Debug|Any CPU.ActiveCfg = Debug|Any CPU
		{BACEF46A-6B53-6FD3-A1F0-5D28C5F057D0}.Debug|Any CPU.Build.0 = Debug|Any CPU
		{BACEF46A-6B53-6FD3-A1F0-5D28C5F057D0}.Release|Any CPU.ActiveCfg = Release|Any CPU
		{BACEF46A-6B53-6FD3-A1F0-5D28C5F057D0}.Release|Any CPU.Build.0 = Release|Any CPU
		{B0EAF306-B959-428B-1248-B751EA292041}.Debug|Any CPU.ActiveCfg = Debug|Any CPU
		{B0EAF306-B959-428B-1248-B751EA292041}.Debug|Any CPU.Build.0 = Debug|Any CPU
		{B0EAF306-B959-428B-1248-B751EA292041}.Release|Any CPU.ActiveCfg = Release|Any CPU
		{B0EAF306-B959-428B-1248-B751EA292041}.Release|Any CPU.Build.0 = Release|Any CPU
		{C8F789A0-A5B1-AF9D-6FBC-3F94A820CBF5}.Debug|Any CPU.ActiveCfg = Debug|Any CPU
		{C8F789A0-A5B1-AF9D-6FBC-3F94A820CBF5}.Debug|Any CPU.Build.0 = Debug|Any CPU
		{C8F789A0-A5B1-AF9D-6FBC-3F94A820CBF5}.Release|Any CPU.ActiveCfg = Release|Any CPU
		{C8F789A0-A5B1-AF9D-6FBC-3F94A820CBF5}.Release|Any CPU.Build.0 = Release|Any CPU
		{C3608042-941A-51F3-D08D-0C4748F95B2E}.Debug|Any CPU.ActiveCfg = Debug|Any CPU
		{C3608042-941A-51F3-D08D-0C4748F95B2E}.Debug|Any CPU.Build.0 = Debug|Any CPU
		{C3608042-941A-51F3-D08D-0C4748F95B2E}.Release|Any CPU.ActiveCfg = Release|Any CPU
		{C3608042-941A-51F3-D08D-0C4748F95B2E}.Release|Any CPU.Build.0 = Release|Any CPU
		{16D8B5A7-F656-5D83-63B3-6FA11009C5EB}.Debug|Any CPU.ActiveCfg = Debug|Any CPU
		{16D8B5A7-F656-5D83-63B3-6FA11009C5EB}.Debug|Any CPU.Build.0 = Debug|Any CPU
		{16D8B5A7-F656-5D83-63B3-6FA11009C5EB}.Release|Any CPU.ActiveCfg = Release|Any CPU
		{16D8B5A7-F656-5D83-63B3-6FA11009C5EB}.Release|Any CPU.Build.0 = Release|Any CPU
		{5E9F1C9B-3877-C064-92DC-EDA0672BCC78}.Debug|Any CPU.ActiveCfg = Debug|Any CPU
		{5E9F1C9B-3877-C064-92DC-EDA0672BCC78}.Debug|Any CPU.Build.0 = Debug|Any CPU
		{5E9F1C9B-3877-C064-92DC-EDA0672BCC78}.Release|Any CPU.ActiveCfg = Release|Any CPU
		{5E9F1C9B-3877-C064-92DC-EDA0672BCC78}.Release|Any CPU.Build.0 = Release|Any CPU
		{E390560E-302B-498A-015F-B948693B9749}.Debug|Any CPU.ActiveCfg = Debug|Any CPU
		{E390560E-302B-498A-015F-B948693B9749}.Debug|Any CPU.Build.0 = Debug|Any CPU
		{E390560E-302B-498A-015F-B948693B9749}.Release|Any CPU.ActiveCfg = Release|Any CPU
		{E390560E-302B-498A-015F-B948693B9749}.Release|Any CPU.Build.0 = Release|Any CPU
		{D6F933FB-DE18-9FFC-482D-B851F75A5B57}.Debug|Any CPU.ActiveCfg = Debug|Any CPU
		{D6F933FB-DE18-9FFC-482D-B851F75A5B57}.Debug|Any CPU.Build.0 = Debug|Any CPU
		{D6F933FB-DE18-9FFC-482D-B851F75A5B57}.Release|Any CPU.ActiveCfg = Release|Any CPU
		{D6F933FB-DE18-9FFC-482D-B851F75A5B57}.Release|Any CPU.Build.0 = Release|Any CPU
		{F3CBD21A-8BDB-2A37-24E5-C624C1309091}.Debug|Any CPU.ActiveCfg = Debug|Any CPU
		{F3CBD21A-8BDB-2A37-24E5-C624C1309091}.Debug|Any CPU.Build.0 = Debug|Any CPU
		{F3CBD21A-8BDB-2A37-24E5-C624C1309091}.Release|Any CPU.ActiveCfg = Release|Any CPU
		{F3CBD21A-8BDB-2A37-24E5-C624C1309091}.Release|Any CPU.Build.0 = Release|Any CPU
		{1206786C-063C-745C-A763-7307B7B46F7B}.Debug|Any CPU.ActiveCfg = Debug|Any CPU
		{1206786C-063C-745C-A763-7307B7B46F7B}.Debug|Any CPU.Build.0 = Debug|Any CPU
		{1206786C-063C-745C-A763-7307B7B46F7B}.Release|Any CPU.ActiveCfg = Release|Any CPU
		{1206786C-063C-745C-A763-7307B7B46F7B}.Release|Any CPU.Build.0 = Release|Any CPU
		{30D295D0-3976-7C6F-429E-76F4973F665A}.Debug|Any CPU.ActiveCfg = Debug|Any CPU
		{30D295D0-3976-7C6F-429E-76F4973F665A}.Debug|Any CPU.Build.0 = Debug|Any CPU
		{30D295D0-3976-7C6F-429E-76F4973F665A}.Release|Any CPU.ActiveCfg = Release|Any CPU
		{30D295D0-3976-7C6F-429E-76F4973F665A}.Release|Any CPU.Build.0 = Release|Any CPU
		{32463CA3-9FE8-4004-6E91-F454B38FC7F6}.Debug|Any CPU.ActiveCfg = Debug|Any CPU
		{32463CA3-9FE8-4004-6E91-F454B38FC7F6}.Debug|Any CPU.Build.0 = Debug|Any CPU
		{32463CA3-9FE8-4004-6E91-F454B38FC7F6}.Release|Any CPU.ActiveCfg = Release|Any CPU
		{32463CA3-9FE8-4004-6E91-F454B38FC7F6}.Release|Any CPU.Build.0 = Release|Any CPU
		{23189C36-CA3F-8290-F533-2F4D6B577E62}.Debug|Any CPU.ActiveCfg = Debug|Any CPU
		{23189C36-CA3F-8290-F533-2F4D6B577E62}.Debug|Any CPU.Build.0 = Debug|Any CPU
		{23189C36-CA3F-8290-F533-2F4D6B577E62}.Release|Any CPU.ActiveCfg = Release|Any CPU
		{23189C36-CA3F-8290-F533-2F4D6B577E62}.Release|Any CPU.Build.0 = Release|Any CPU
		{E5854B7A-4738-D699-E9A6-5199884BB53E}.Debug|Any CPU.ActiveCfg = Debug|Any CPU
		{E5854B7A-4738-D699-E9A6-5199884BB53E}.Debug|Any CPU.Build.0 = Debug|Any CPU
		{E5854B7A-4738-D699-E9A6-5199884BB53E}.Release|Any CPU.ActiveCfg = Release|Any CPU
		{E5854B7A-4738-D699-E9A6-5199884BB53E}.Release|Any CPU.Build.0 = Release|Any CPU
		{51B49EFF-4B34-2351-26C1-976151F98E21}.Debug|Any CPU.ActiveCfg = Debug|Any CPU
		{51B49EFF-4B34-2351-26C1-976151F98E21}.Debug|Any CPU.Build.0 = Debug|Any CPU
		{51B49EFF-4B34-2351-26C1-976151F98E21}.Release|Any CPU.ActiveCfg = Release|Any CPU
		{51B49EFF-4B34-2351-26C1-976151F98E21}.Release|Any CPU.Build.0 = Release|Any CPU
		{9EF766CA-568F-10B1-5D02-5AB149119DEE}.Debug|Any CPU.ActiveCfg = Debug|Any CPU
		{9EF766CA-568F-10B1-5D02-5AB149119DEE}.Debug|Any CPU.Build.0 = Debug|Any CPU
		{9EF766CA-568F-10B1-5D02-5AB149119DEE}.Release|Any CPU.ActiveCfg = Release|Any CPU
		{9EF766CA-568F-10B1-5D02-5AB149119DEE}.Release|Any CPU.Build.0 = Release|Any CPU
		{68D3C3E1-DE64-77B8-0197-BB6ECC5625DD}.Debug|Any CPU.ActiveCfg = Debug|Any CPU
		{68D3C3E1-DE64-77B8-0197-BB6ECC5625DD}.Debug|Any CPU.Build.0 = Debug|Any CPU
		{68D3C3E1-DE64-77B8-0197-BB6ECC5625DD}.Release|Any CPU.ActiveCfg = Release|Any CPU
		{68D3C3E1-DE64-77B8-0197-BB6ECC5625DD}.Release|Any CPU.Build.0 = Release|Any CPU
		{45BCE76E-95F4-E79B-318D-DE38A68AB4A2}.Debug|Any CPU.ActiveCfg = Debug|Any CPU
		{45BCE76E-95F4-E79B-318D-DE38A68AB4A2}.Debug|Any CPU.Build.0 = Debug|Any CPU
		{45BCE76E-95F4-E79B-318D-DE38A68AB4A2}.Release|Any CPU.ActiveCfg = Release|Any CPU
		{45BCE76E-95F4-E79B-318D-DE38A68AB4A2}.Release|Any CPU.Build.0 = Release|Any CPU
		{AED81CFF-8387-02AF-3061-42413116B743}.Debug|Any CPU.ActiveCfg = Debug|Any CPU
		{AED81CFF-8387-02AF-3061-42413116B743}.Debug|Any CPU.Build.0 = Debug|Any CPU
		{AED81CFF-8387-02AF-3061-42413116B743}.Release|Any CPU.ActiveCfg = Release|Any CPU
		{AED81CFF-8387-02AF-3061-42413116B743}.Release|Any CPU.Build.0 = Release|Any CPU
		{E43E6CA5-F9CA-B373-29D9-2DBC6762ADCC}.Debug|Any CPU.ActiveCfg = Debug|Any CPU
		{E43E6CA5-F9CA-B373-29D9-2DBC6762ADCC}.Debug|Any CPU.Build.0 = Debug|Any CPU
		{E43E6CA5-F9CA-B373-29D9-2DBC6762ADCC}.Release|Any CPU.ActiveCfg = Release|Any CPU
		{E43E6CA5-F9CA-B373-29D9-2DBC6762ADCC}.Release|Any CPU.Build.0 = Release|Any CPU
	EndGlobalSection
	GlobalSection(SolutionProperties) = preSolution
		HideSolutionNode = FALSE
	EndGlobalSection
EndGlobal
